
Microsoft Visual Studio Solution File, Format Version 12.00
# Visual Studio Version 16
VisualStudioVersion = 16.0.32802.440
MinimumVisualStudioVersion = 10.0.40219.1
Project("{FAE04EC0-301F-11D3-BF4B-00C04F79EFBC}") = "pattern", "pattern\pattern.csproj", "{F3D0BDFE-7B59-42FC-AB85-3DF87A991D58}"
EndProject
Global
	GlobalSection(SolutionConfigurationPlatforms) = preSolution
		Debug|Any CPU = Debug|Any CPU
		Release|Any CPU = Release|Any CPU
	EndGlobalSection
	GlobalSection(ProjectConfigurationPlatforms) = postSolution
		{F3D0BDFE-7B59-42FC-AB85-3DF87A991D58}.Debug|Any CPU.ActiveCfg = Debug|Any CPU
		{F3D0BDFE-7B59-42FC-AB85-3DF87A991D58}.Debug|Any CPU.Build.0 = Debug|Any CPU
		{F3D0BDFE-7B59-42FC-AB85-3DF87A991D58}.Release|Any CPU.ActiveCfg = Release|Any CPU
		{F3D0BDFE-7B59-42FC-AB85-3DF87A991D58}.Release|Any CPU.Build.0 = Release|Any CPU
	EndGlobalSection
	GlobalSection(SolutionProperties) = preSolution
		HideSolutionNode = FALSE
	EndGlobalSection
	GlobalSection(ExtensibilityGlobals) = postSolution
		SolutionGuid = {07B5E6DD-3416-45E6-9D23-A99F9DE0B585}
	EndGlobalSection
EndGlobal
